
Microsoft Visual Studio Solution File, Format Version 12.00
# Visual Studio Version 17
VisualStudioVersion = 17.7.34221.43
MinimumVisualStudioVersion = 10.0.40219.1
Project("{FAE04EC0-301F-11D3-BF4B-00C04F79EFBC}") = "LoveNote.Shell", "LoveNote.Shell\LoveNote.Shell.csproj", "{62877621-00A1-4394-A1E1-5A77423D3F27}"
EndProject
Global
	GlobalSection(SolutionConfigurationPlatforms) = preSolution
		Debug|Any CPU = Debug|Any CPU
		Release|Any CPU = Release|Any CPU
	EndGlobalSection
	GlobalSection(ProjectConfigurationPlatforms) = postSolution
		{62877621-00A1-4394-A1E1-5A77423D3F27}.Debug|Any CPU.ActiveCfg = Debug|Any CPU
		{62877621-00A1-4394-A1E1-5A77423D3F27}.Debug|Any CPU.Build.0 = Debug|Any CPU
		{62877621-00A1-4394-A1E1-5A77423D3F27}.Release|Any CPU.ActiveCfg = Release|Any CPU
		{62877621-00A1-4394-A1E1-5A77423D3F27}.Release|Any CPU.Build.0 = Release|Any CPU
	EndGlobalSection
	GlobalSection(SolutionProperties) = preSolution
		HideSolutionNode = FALSE
	EndGlobalSection
	GlobalSection(ExtensibilityGlobals) = postSolution
		SolutionGuid = {24C4B415-9ACF-4980-9827-6DBF6FDE57E1}
	EndGlobalSection
EndGlobal
